
Microsoft Visual Studio Solution File, Format Version 12.00
# Visual Studio Version 17
VisualStudioVersion = 17.1.32210.238
MinimumVisualStudioVersion = 10.0.40219.1
Project("{FAE04EC0-301F-11D3-BF4B-00C04F79EFBC}") = "AmsiBypassManagedApiCallHooking", "AmsiBypassManagedApiCallHooking\AmsiBypassManagedApiCallHooking.csproj", "{1BF5FBC1-08FA-4EDB-BC8E-9514AE30B15B}"
EndProject
Project("{FAE04EC0-301F-11D3-BF4B-00C04F79EFBC}") = "UnitTests", "UnitTests\UnitTests.csproj", "{7BCB1490-0192-4359-AE24-90E7A354ADC5}"
EndProject
Global
	GlobalSection(SolutionConfigurationPlatforms) = preSolution
		Debug|Any CPU = Debug|Any CPU
		Release|Any CPU = Release|Any CPU
	EndGlobalSection
	GlobalSection(ProjectConfigurationPlatforms) = postSolution
		{1BF5FBC1-08FA-4EDB-BC8E-9514AE30B15B}.Debug|Any CPU.ActiveCfg = Debug|Any CPU
		{1BF5FBC1-08FA-4EDB-BC8E-9514AE30B15B}.Debug|Any CPU.Build.0 = Debug|Any CPU
		{1BF5FBC1-08FA-4EDB-BC8E-9514AE30B15B}.Release|Any CPU.ActiveCfg = Release|Any CPU
		{1BF5FBC1-08FA-4EDB-BC8E-9514AE30B15B}.Release|Any CPU.Build.0 = Release|Any CPU
		{7BCB1490-0192-4359-AE24-90E7A354ADC5}.Debug|Any CPU.ActiveCfg = Debug|Any CPU
		{7BCB1490-0192-4359-AE24-90E7A354ADC5}.Debug|Any CPU.Build.0 = Debug|Any CPU
		{7BCB1490-0192-4359-AE24-90E7A354ADC5}.Release|Any CPU.ActiveCfg = Release|Any CPU
		{7BCB1490-0192-4359-AE24-90E7A354ADC5}.Release|Any CPU.Build.0 = Release|Any CPU
	EndGlobalSection
	GlobalSection(SolutionProperties) = preSolution
		HideSolutionNode = FALSE
	EndGlobalSection
	GlobalSection(ExtensibilityGlobals) = postSolution
		SolutionGuid = {0E139CBF-FF59-4ED9-B066-007F93706B46}
	EndGlobalSection
EndGlobal
